# THIS IS AN AUTOGENERATED FILE. DO NOT EDIT THIS FILE DIRECTLY.
# yarn lockfile v1


"@zerodevx/svelte-toast@^0.9.2":
  version "0.9.2"
  resolved "https://registry.yarnpkg.com/@zerodevx/svelte-toast/-/svelte-toast-0.9.2.tgz#704e35734296260efc4c04dfb1d805cec6591f87"
  integrity sha512-9Ope024toXZpc9uk/WNMQMm9o15xeLnQwkWk1L8ZAaThFJJksiEWvGo1qXwO6ISfhA0GtafF9rR83TsEcpRLTg==
